# This file is generated by running "yarn install" inside your project.
# Manual changes might be lost - proceed with caution!

__metadata:
  version: 4
  cacheKey: 8

"@discordjs/collection@npm:^0.2.1":
  version: 0.2.1
  resolution: "@discordjs/collection@npm:0.2.1"
  checksum: e68d4bbf83b03bc18c7648d0f5c5669d1f1a394596bc2fcbb907284cff65657b28dbf165a1b8ccae20b6bc0726bc8a0a276d8adba8f9413502bb19d61b98598f
  languageName: node
  linkType: hard

"@smol-code/tsconfig@npm:^1.0.0":
  version: 1.0.0
  resolution: "@smol-code/tsconfig@npm:1.0.0"
  checksum: f9ce9bb890a42c1dda14610f0d40569751894f1a0357b2f8d44ad34add35839db3b0beccc77c064a7773a1ab48c953219b0b4168837f2d1f68e1f91020f9637f
  languageName: node
  linkType: hard

"@types/fs-extra@npm:^9.0.12":
  version: 9.0.12
  resolution: "@types/fs-extra@npm:9.0.12"
  dependencies:
    "@types/node": "*"
  checksum: c63834f0be8d0993c55abcc0b2c90f3c095cf3aa9e827973472167bd93687df9da546bd5e0823ddc9e83e1651c9cfb09bbac99fa57a15ab28fd21280426e472c
  languageName: node
  linkType: hard

"@types/module-alias@npm:^2.0.1":
  version: 2.0.1
  resolution: "@types/module-alias@npm:2.0.1"
  checksum: c6d6d30605833b03465c39760df42616fd24e4f532a29bb77954220885feb21eb2d84dd38eed68b0c18997e6930fdc5914d2dc6fd7cc5d110a42068d2204e11e
  languageName: node
  linkType: hard

"@types/node@npm:*, @types/node@npm:^16.9.1":
  version: 16.9.1
  resolution: "@types/node@npm:16.9.1"
  checksum: 41afcf183a22d59323a0199dd7e0f46591247f45fc08a4434edb26d56dc279ae4fdb80f37989ddd7a0f45e3857c4933e6e82057ede09c5a829f77e373e680375
  languageName: node
  linkType: hard

"@types/source-map-support@npm:^0.5.4":
  version: 0.5.4
  resolution: "@types/source-map-support@npm:0.5.4"
  dependencies:
    source-map: ^0.6.0
  checksum: 160ff77e8a101b18d9915cb5320fd73d484679aef8518ce007b9b5988e333631778730196c4bb15517ff881bee805663fd8640c0ce2ebfab65f061103c452369
  languageName: node
  linkType: hard

"auxilor-verification@workspace:.":
  version: 0.0.0-use.local
  resolution: "auxilor-verification@workspace:."
  dependencies:
    "@smol-code/tsconfig": ^1.0.0
    "@types/fs-extra": ^9.0.12
    "@types/module-alias": ^2.0.1
    "@types/node": ^16.9.1
    "@types/source-map-support": ^0.5.4
    dotenv: ^10.0.0
    eris: "https://github.com/donovandmc/eris#everything"
    fs-extra: ^10.0.0
    module-alias: ^2.2.2
    slash-create: ^4.1.1
    source-map-support: ^0.5.20
    typescript: ^4.4.3
  languageName: unknown
  linkType: soft

"buffer-from@npm:^1.0.0":
  version: 1.1.2
  resolution: "buffer-from@npm:1.1.2"
  checksum: 0448524a562b37d4d7ed9efd91685a5b77a50672c556ea254ac9a6d30e3403a517d8981f10e565db24e8339413b43c97ca2951f10e399c6125a0d8911f5679bb
  languageName: node
  linkType: hard

"dotenv@npm:^10.0.0":
  version: 10.0.0
  resolution: "dotenv@npm:10.0.0"
  checksum: f412c5fe8c24fbe313d302d2500e247ba8a1946492db405a4de4d30dd0eb186a88a43f13c958c5a7de303938949c4231c56994f97d05c4bc1f22478d631b4005
  languageName: node
  linkType: hard

"eris@https://github.com/donovandmc/eris#everything":
  version: 0.16.0-dev
  resolution: "eris@https://github.com/donovandmc/eris.git#commit=2d78ed8e1d62584797902a6dfed46437d010c2fa"
  dependencies:
    opusscript: ^0.0.8
    tweetnacl: ^1.0.1
    ws: ^7.4.6
  dependenciesMeta:
    opusscript:
      optional: true
    tweetnacl:
      optional: true
  checksum: ad0971eba98593186336b4b16b31a5c5d9474a2a8a6453a10b8a9983ebb10d5f0a290e4eca18fe72847f5ea256b8a68c2b6c20db4d8cb5d7242610a2bec5b353
  languageName: node
  linkType: hard

"eventemitter3@npm:^4.0.7":
  version: 4.0.7
  resolution: "eventemitter3@npm:4.0.7"
  checksum: 1875311c42fcfe9c707b2712c32664a245629b42bb0a5a84439762dd0fd637fc54d078155ea83c2af9e0323c9ac13687e03cfba79b03af9f40c89b4960099374
  languageName: node
  linkType: hard

"fs-extra@npm:^10.0.0":
  version: 10.0.0
  resolution: "fs-extra@npm:10.0.0"
  dependencies:
    graceful-fs: ^4.2.0
    jsonfile: ^6.0.1
    universalify: ^2.0.0
  checksum: 5285a3d8f34b917cf2b66af8c231a40c1623626e9d701a20051d3337be16c6d7cac94441c8b3732d47a92a2a027886ca93c69b6a4ae6aee3c89650d2a8880c0a
  languageName: node
  linkType: hard

"graceful-fs@npm:^4.1.6, graceful-fs@npm:^4.2.0":
  version: 4.2.8
  resolution: "graceful-fs@npm:4.2.8"
  checksum: 5d224c8969ad0581d551dfabdb06882706b31af2561bd5e2034b4097e67cc27d05232849b8643866585fd0a41c7af152950f8776f4dd5579e9853733f31461c6
  languageName: node
  linkType: hard

"jsonfile@npm:^6.0.1":
  version: 6.1.0
  resolution: "jsonfile@npm:6.1.0"
  dependencies:
    graceful-fs: ^4.1.6
    universalify: ^2.0.0
  dependenciesMeta:
    graceful-fs:
      optional: true
  checksum: 7af3b8e1ac8fe7f1eccc6263c6ca14e1966fcbc74b618d3c78a0a2075579487547b94f72b7a1114e844a1e15bb00d440e5d1720bfc4612d790a6f285d5ea8354
  languageName: node
  linkType: hard

"lodash.isequal@npm:^4.5.0":
  version: 4.5.0
  resolution: "lodash.isequal@npm:4.5.0"
  checksum: da27515dc5230eb1140ba65ff8de3613649620e8656b19a6270afe4866b7bd461d9ba2ac8a48dcc57f7adac4ee80e1de9f965d89d4d81a0ad52bb3eec2609644
  languageName: node
  linkType: hard

"lodash.uniq@npm:^4.5.0":
  version: 4.5.0
  resolution: "lodash.uniq@npm:4.5.0"
  checksum: a4779b57a8d0f3c441af13d9afe7ecff22dd1b8ce1129849f71d9bbc8e8ee4e46dfb4b7c28f7ad3d67481edd6e51126e4e2a6ee276e25906d10f7140187c392d
  languageName: node
  linkType: hard

"module-alias@npm:^2.2.2":
  version: 2.2.2
  resolution: "module-alias@npm:2.2.2"
  checksum: 4b5543f834b484033e5bd184096ca8276b9195e32e88883ee6ea8d3a4789d97c470d26f5fa7271bd7a26588bf67e4d27dbdb594ee327aef1c9619d855dc78342
  languageName: node
  linkType: hard

"opusscript@npm:^0.0.8":
  version: 0.0.8
  resolution: "opusscript@npm:0.0.8"
  checksum: 0c3175a4013f5bd4578ae06f906573717ab5570d6013a15796273fb375f083530073374add3838fa944afbe242740fd27053629f7796a208d7e8be14674ba147
  languageName: node
  linkType: hard

"require-all@npm:^3.0.0":
  version: 3.0.0
  resolution: "require-all@npm:3.0.0"
  checksum: f2d652d6bca4201bda1ff2f7d4f46a3edd136cc6fd81d38caff50eaa4669ae7ae459f32a06b0892e754bf0f7aae21fbe69172409dff1abd78be5c12cab750a01
  languageName: node
  linkType: hard

"slash-create@npm:^4.1.1":
  version: 4.1.1
  resolution: "slash-create@npm:4.1.1"
  dependencies:
    "@discordjs/collection": ^0.2.1
    eventemitter3: ^4.0.7
    lodash.isequal: ^4.5.0
    lodash.uniq: ^4.5.0
    require-all: ^3.0.0
    tweetnacl: ^1.0.3
  peerDependencies:
    express: ^4.17.1
    fastify: ^3.9.1
  peerDependenciesMeta:
    express:
      optional: true
    fastify:
      optional: true
  checksum: 5c3b94eb347987f27d5441f049b0927b77f0d9086e9fb5c0093702b672384022a565914bb24b0e379afd3782d4c1c55bfef09cee6238b68480a813c2f2ea12f9
  languageName: node
  linkType: hard

"source-map-support@npm:^0.5.20":
  version: 0.5.20
  resolution: "source-map-support@npm:0.5.20"
  dependencies:
    buffer-from: ^1.0.0
    source-map: ^0.6.0
  checksum: 43946aff452011960d16154304b11011e0185549493e65dd90da045959409fb2d266ba1c854fff3d5949f8e59382e3fcc7f7c5fa66136007a6750ad06c6c0baa
  languageName: node
  linkType: hard

"source-map@npm:^0.6.0":
  version: 0.6.1
  resolution: "source-map@npm:0.6.1"
  checksum: 59ce8640cf3f3124f64ac289012c2b8bd377c238e316fb323ea22fbfe83da07d81e000071d7242cad7a23cd91c7de98e4df8830ec3f133cb6133a5f6e9f67bc2
  languageName: node
  linkType: hard

"tweetnacl@npm:^1.0.1, tweetnacl@npm:^1.0.3":
  version: 1.0.3
  resolution: "tweetnacl@npm:1.0.3"
  checksum: e4a57cac188f0c53f24c7a33279e223618a2bfb5fea426231991652a13247bea06b081fd745d71291fcae0f4428d29beba1b984b1f1ce6f66b06a6d1ab90645c
  languageName: node
  linkType: hard

typescript@^4.4.3:
  version: 4.4.3
  resolution: "typescript@npm:4.4.3"
  bin:
    tsc: bin/tsc
    tsserver: bin/tsserver
  checksum: 05823f21796d450531a7e4ab299715d38fd9ded0e4ce7400876053f4b5166ca3dde7a68cecfe72d9086039f03c0b6edba36516fb10ed83c5837d9600532ea4c2
  languageName: node
  linkType: hard

"typescript@patch:typescript@^4.4.3#~builtin<compat/typescript>":
  version: 4.4.3
  resolution: "typescript@patch:typescript@npm%3A4.4.3#~builtin<compat/typescript>::version=4.4.3&hash=32657b"
  bin:
    tsc: bin/tsc
    tsserver: bin/tsserver
  checksum: 28ab98313afab46788ff41014fdb5932430ada6e03cf9e92ac47f406526a2cac1ae2894834e7da61e46b7429318e9c47f45ba8de323332f0cb9af99b72ebae74
  languageName: node
  linkType: hard

"universalify@npm:^2.0.0":
  version: 2.0.0
  resolution: "universalify@npm:2.0.0"
  checksum: 2406a4edf4a8830aa6813278bab1f953a8e40f2f63a37873ffa9a3bc8f9745d06cc8e88f3572cb899b7e509013f7f6fcc3e37e8a6d914167a5381d8440518c44
  languageName: node
  linkType: hard

"ws@npm:^7.4.6":
  version: 7.5.5
  resolution: "ws@npm:7.5.5"
  peerDependencies:
    bufferutil: ^4.0.1
    utf-8-validate: ^5.0.2
  peerDependenciesMeta:
    bufferutil:
      optional: true
    utf-8-validate:
      optional: true
  checksum: bd2b437256012af526c69c03d6670a132e7ab0fe5853f3b7092826acea4203fad4ee2a8d0d9bd44834b2b968e747bf34f753ab535f4a3edf40d262da4b1d0805
  languageName: node
  linkType: hard
